
Microsoft Visual Studio Solution File, Format Version 12.00
# Visual Studio Version 17
VisualStudioVersion = 17.5.002.0
MinimumVisualStudioVersion = 10.0.40219.1
Project("{9A19103F-16F7-4668-BE54-9A1E7A4F7556}") = "Hw_pdf_cookies", "Hw_pdf_cookies.csproj", "{C786DF63-F355-4804-B926-CBF4E7FD7009}"
EndProject
Global
	GlobalSection(SolutionConfigurationPlatforms) = preSolution
		Debug|Any CPU = Debug|Any CPU
		Release|Any CPU = Release|Any CPU
	EndGlobalSection
	GlobalSection(ProjectConfigurationPlatforms) = postSolution
		{C786DF63-F355-4804-B926-CBF4E7FD7009}.Debug|Any CPU.ActiveCfg = Debug|Any CPU
		{C786DF63-F355-4804-B926-CBF4E7FD7009}.Debug|Any CPU.Build.0 = Debug|Any CPU
		{C786DF63-F355-4804-B926-CBF4E7FD7009}.Release|Any CPU.ActiveCfg = Release|Any CPU
		{C786DF63-F355-4804-B926-CBF4E7FD7009}.Release|Any CPU.Build.0 = Release|Any CPU
	EndGlobalSection
	GlobalSection(SolutionProperties) = preSolution
		HideSolutionNode = FALSE
	EndGlobalSection
	GlobalSection(ExtensibilityGlobals) = postSolution
		SolutionGuid = {CA3BBF9C-436A-444A-B2BA-BAD005645431}
	EndGlobalSection
EndGlobal
